
Microsoft Visual Studio Solution File, Format Version 12.00
# Visual Studio 15
VisualStudioVersion = 15.0.28307.852
MinimumVisualStudioVersion = 10.0.40219.1
Project("{FAE04EC0-301F-11D3-BF4B-00C04F79EFBC}") = "DncEthic.WebAPI", "src\DncEthic.WebAPI\DncEthic.WebAPI.csproj", "{6B59C926-CD68-47BA-B347-0257FC77E2D2}"
EndProject
Project("{2150E333-8FDC-42A3-9474-1A3956D46DE8}") = "src", "src", "{1E1AC60A-EE24-4A16-A71A-FF001C7B676F}"
EndProject
Project("{2150E333-8FDC-42A3-9474-1A3956D46DE8}") = "buildingblocks", "buildingblocks", "{BB47F10A-EDDF-4C23-92D5-B5A22119072D}"
EndProject
Project("{2150E333-8FDC-42A3-9474-1A3956D46DE8}") = "test", "test", "{43DD8BCD-ACC2-4F8A-8F67-E86B5D587BAA}"
EndProject
Project("{FAE04EC0-301F-11D3-BF4B-00C04F79EFBC}") = "DncEthic.Core", "src\DncEthic.Core\DncEthic.Core.csproj", "{1387C744-8600-4192-B564-68F85D7537EC}"
EndProject
Project("{FAE04EC0-301F-11D3-BF4B-00C04F79EFBC}") = "DncEthic.Domain", "src\DncEthic.Domain\DncEthic.Domain.csproj", "{DDAED01D-3EFF-44AF-A817-D77B90C2EC9E}"
EndProject
Project("{FAE04EC0-301F-11D3-BF4B-00C04F79EFBC}") = "DncEthic.Repository", "src\DncEthic.Repository\DncEthic.Repository.csproj", "{27D0CDD3-108C-4548-852E-A6BDDA11629E}"
EndProject
Project("{FAE04EC0-301F-11D3-BF4B-00C04F79EFBC}") = "DncEthic.Service", "src\DncEthic.Service\DncEthic.Service.csproj", "{573150D7-A55A-47F3-AF4C-E2A85E291584}"
EndProject
Project("{FAE04EC0-301F-11D3-BF4B-00C04F79EFBC}") = "DncEthic.Utility", "src\DncEthic.Utility\DncEthic.Utility.csproj", "{BD80EF75-4F4E-40D6-A7CA-C0A584A1000B}"
EndProject
Global
	GlobalSection(SolutionConfigurationPlatforms) = preSolution
		Debug|Any CPU = Debug|Any CPU
		Release|Any CPU = Release|Any CPU
	EndGlobalSection
	GlobalSection(ProjectConfigurationPlatforms) = postSolution
		{6B59C926-CD68-47BA-B347-0257FC77E2D2}.Debug|Any CPU.ActiveCfg = Debug|Any CPU
		{6B59C926-CD68-47BA-B347-0257FC77E2D2}.Debug|Any CPU.Build.0 = Debug|Any CPU
		{6B59C926-CD68-47BA-B347-0257FC77E2D2}.Release|Any CPU.ActiveCfg = Release|Any CPU
		{6B59C926-CD68-47BA-B347-0257FC77E2D2}.Release|Any CPU.Build.0 = Release|Any CPU
		{1387C744-8600-4192-B564-68F85D7537EC}.Debug|Any CPU.ActiveCfg = Debug|Any CPU
		{1387C744-8600-4192-B564-68F85D7537EC}.Debug|Any CPU.Build.0 = Debug|Any CPU
		{1387C744-8600-4192-B564-68F85D7537EC}.Release|Any CPU.ActiveCfg = Release|Any CPU
		{1387C744-8600-4192-B564-68F85D7537EC}.Release|Any CPU.Build.0 = Release|Any CPU
		{DDAED01D-3EFF-44AF-A817-D77B90C2EC9E}.Debug|Any CPU.ActiveCfg = Debug|Any CPU
		{DDAED01D-3EFF-44AF-A817-D77B90C2EC9E}.Debug|Any CPU.Build.0 = Debug|Any CPU
		{DDAED01D-3EFF-44AF-A817-D77B90C2EC9E}.Release|Any CPU.ActiveCfg = Release|Any CPU
		{DDAED01D-3EFF-44AF-A817-D77B90C2EC9E}.Release|Any CPU.Build.0 = Release|Any CPU
		{27D0CDD3-108C-4548-852E-A6BDDA11629E}.Debug|Any CPU.ActiveCfg = Debug|Any CPU
		{27D0CDD3-108C-4548-852E-A6BDDA11629E}.Debug|Any CPU.Build.0 = Debug|Any CPU
		{27D0CDD3-108C-4548-852E-A6BDDA11629E}.Release|Any CPU.ActiveCfg = Release|Any CPU
		{27D0CDD3-108C-4548-852E-A6BDDA11629E}.Release|Any CPU.Build.0 = Release|Any CPU
		{573150D7-A55A-47F3-AF4C-E2A85E291584}.Debug|Any CPU.ActiveCfg = Debug|Any CPU
		{573150D7-A55A-47F3-AF4C-E2A85E291584}.Debug|Any CPU.Build.0 = Debug|Any CPU
		{573150D7-A55A-47F3-AF4C-E2A85E291584}.Release|Any CPU.ActiveCfg = Release|Any CPU
		{573150D7-A55A-47F3-AF4C-E2A85E291584}.Release|Any CPU.Build.0 = Release|Any CPU
		{BD80EF75-4F4E-40D6-A7CA-C0A584A1000B}.Debug|Any CPU.ActiveCfg = Debug|Any CPU
		{BD80EF75-4F4E-40D6-A7CA-C0A584A1000B}.Debug|Any CPU.Build.0 = Debug|Any CPU
		{BD80EF75-4F4E-40D6-A7CA-C0A584A1000B}.Release|Any CPU.ActiveCfg = Release|Any CPU
		{BD80EF75-4F4E-40D6-A7CA-C0A584A1000B}.Release|Any CPU.Build.0 = Release|Any CPU
	EndGlobalSection
	GlobalSection(SolutionProperties) = preSolution
		HideSolutionNode = FALSE
	EndGlobalSection
	GlobalSection(NestedProjects) = preSolution
		{6B59C926-CD68-47BA-B347-0257FC77E2D2} = {1E1AC60A-EE24-4A16-A71A-FF001C7B676F}
		{1387C744-8600-4192-B564-68F85D7537EC} = {1E1AC60A-EE24-4A16-A71A-FF001C7B676F}
		{DDAED01D-3EFF-44AF-A817-D77B90C2EC9E} = {1E1AC60A-EE24-4A16-A71A-FF001C7B676F}
		{27D0CDD3-108C-4548-852E-A6BDDA11629E} = {1E1AC60A-EE24-4A16-A71A-FF001C7B676F}
		{573150D7-A55A-47F3-AF4C-E2A85E291584} = {1E1AC60A-EE24-4A16-A71A-FF001C7B676F}
		{BD80EF75-4F4E-40D6-A7CA-C0A584A1000B} = {1E1AC60A-EE24-4A16-A71A-FF001C7B676F}
	EndGlobalSection
	GlobalSection(ExtensibilityGlobals) = postSolution
		SolutionGuid = {4B7DAD2A-0969-4CDD-80F0-1BC85FD5A061}
	EndGlobalSection
EndGlobal
